// !$*UTF8*$!
{
	archiveVersion = 1;
	classes = {
	};
	objectVersion = 52;
	objects = {

/* Begin PBXBuildFile section */
		18C25D03035A82AD9CDBBF21 /* Pods_TabBarTest.framework in Frameworks */ = {isa = PBXBuildFile; fileRef = 6FDB80F8D64C9AFF6D52A8B3 /* Pods_TabBarTest.framework */; };
		5323BA12274CEB6100F6BA5E /* ButtonsCollectionViewCell.swift in Sources */ = {isa = PBXBuildFile; fileRef = 5323BA11274CEB6100F6BA5E /* ButtonsCollectionViewCell.swift */; };
		5323BA14274D3BA500F6BA5E /* SightTableViewCell.swift in Sources */ = {isa = PBXBuildFile; fileRef = 5323BA13274D3BA500F6BA5E /* SightTableViewCell.swift */; };
		5323BA16274D3DBE00F6BA5E /* SightCollectionViewCell.swift in Sources */ = {isa = PBXBuildFile; fileRef = 5323BA15274D3DBE00F6BA5E /* SightCollectionViewCell.swift */; };
		5323BA18274D509700F6BA5E /* TicketCollectionViewCell.swift in Sources */ = {isa = PBXBuildFile; fileRef = 5323BA17274D509700F6BA5E /* TicketCollectionViewCell.swift */; };
		5323BA1A274D525800F6BA5E /* TicketsCellsCitiesCollectionViewCell.swift in Sources */ = {isa = PBXBuildFile; fileRef = 5323BA19274D525800F6BA5E /* TicketsCellsCitiesCollectionViewCell.swift */; };
		5323BA1C274D82CC00F6BA5E /* WeatherCollectionViewCell.swift in Sources */ = {isa = PBXBuildFile; fileRef = 5323BA1B274D82CC00F6BA5E /* WeatherCollectionViewCell.swift */; };
		533D8DD8270394890006B0EE /* WeatherView.swift in Sources */ = {isa = PBXBuildFile; fileRef = 533D8DD7270394890006B0EE /* WeatherView.swift */; };
		53403D68275FF1B5004087F7 /* FavouritesTableViewCell.swift in Sources */ = {isa = PBXBuildFile; fileRef = 53403D67275FF1B4004087F7 /* FavouritesTableViewCell.swift */; };
		53403D6B275FF321004087F7 /* FavouritesTableViewCollectionViewCell.swift in Sources */ = {isa = PBXBuildFile; fileRef = 53403D6A275FF321004087F7 /* FavouritesTableViewCollectionViewCell.swift */; };
		53403D6D2763C402004087F7 /* FavouritesTopView.swift in Sources */ = {isa = PBXBuildFile; fileRef = 53403D6C2763C402004087F7 /* FavouritesTopView.swift */; };
		53403D6F2763D07B004087F7 /* FavouritesTopCollectionViewCell.swift in Sources */ = {isa = PBXBuildFile; fileRef = 53403D6E2763D07B004087F7 /* FavouritesTopCollectionViewCell.swift */; };
		53403D712763E0FC004087F7 /* Extension+String.swift in Sources */ = {isa = PBXBuildFile; fileRef = 53403D702763E0FC004087F7 /* Extension+String.swift */; };
		5345E2892718B2D400FCD554 /* SettingsStoryboard.storyboard in Resources */ = {isa = PBXBuildFile; fileRef = 5345E2882718B2D400FCD554 /* SettingsStoryboard.storyboard */; };
		5345E28C2718B30000FCD554 /* SettingsController.swift in Sources */ = {isa = PBXBuildFile; fileRef = 5345E28B2718B30000FCD554 /* SettingsController.swift */; };
		534E20E62769193000442F29 /* WorldStoryboard.storyboard in Resources */ = {isa = PBXBuildFile; fileRef = 534E20E52769193000442F29 /* WorldStoryboard.storyboard */; };
		538AF83027341AAB00D02ECA /* StackViewStars.swift in Sources */ = {isa = PBXBuildFile; fileRef = 538AF82F27341AAB00D02ECA /* StackViewStars.swift */; };
		538AF832273422C500D02ECA /* FloatingViewSecondTableViewCell.swift in Sources */ = {isa = PBXBuildFile; fileRef = 538AF831273422C500D02ECA /* FloatingViewSecondTableViewCell.swift */; };
		538AF835273424DC00D02ECA /* FloatingCollectionViewCell.swift in Sources */ = {isa = PBXBuildFile; fileRef = 538AF834273424DC00D02ECA /* FloatingCollectionViewCell.swift */; };
		5396A4932706377C0044D759 /* InternetConnection.swift in Sources */ = {isa = PBXBuildFile; fileRef = 5396A4922706377C0044D759 /* InternetConnection.swift */; };
		5396A496270639570044D759 /* Alamofire in Frameworks */ = {isa = PBXBuildFile; productRef = 5396A495270639570044D759 /* Alamofire */; };
		5397795627442BC4006644D3 /* AvailableCities.swift in Sources */ = {isa = PBXBuildFile; fileRef = 5397795527442BC4006644D3 /* AvailableCities.swift */; };
		5397795827443107006644D3 /* Extension+UIViewController.swift in Sources */ = {isa = PBXBuildFile; fileRef = 5397795727443107006644D3 /* Extension+UIViewController.swift */; };
		5397795B27443866006644D3 /* CountryDescriptionTableViewCell.swift in Sources */ = {isa = PBXBuildFile; fileRef = 5397795A27443866006644D3 /* CountryDescriptionTableViewCell.swift */; };
		5397795D27443872006644D3 /* CountryPhotosTableViewCell.swift in Sources */ = {isa = PBXBuildFile; fileRef = 5397795C27443872006644D3 /* CountryPhotosTableViewCell.swift */; };
		53D9BB1C272B39CE00CC14A8 /* ActionButtonsScrollView.swift in Sources */ = {isa = PBXBuildFile; fileRef = 53D9BB1B272B39CE00CC14A8 /* ActionButtonsScrollView.swift */; };
		53EF4D1C270E2A53008CB1B2 /* MapInteractor.swift in Sources */ = {isa = PBXBuildFile; fileRef = 53EF4D1B270E2A53008CB1B2 /* MapInteractor.swift */; };
		53EF4D1E270E2A60008CB1B2 /* MapPresenter.swift in Sources */ = {isa = PBXBuildFile; fileRef = 53EF4D1D270E2A60008CB1B2 /* MapPresenter.swift */; };
		53EF4D20270E2A6E008CB1B2 /* MapWorker.swift in Sources */ = {isa = PBXBuildFile; fileRef = 53EF4D1F270E2A6E008CB1B2 /* MapWorker.swift */; };
		53EF4D22270E2A7B008CB1B2 /* MapModels.swift in Sources */ = {isa = PBXBuildFile; fileRef = 53EF4D21270E2A7B008CB1B2 /* MapModels.swift */; };
		53EF561F270F720E00CD3786 /* WeatherAPI.swift in Sources */ = {isa = PBXBuildFile; fileRef = 53EF561E270F720E00CD3786 /* WeatherAPI.swift */; };
		53F0D7A2275E98340087A9BB /* FavouritesController.storyboard in Resources */ = {isa = PBXBuildFile; fileRef = 53F0D7A1275E98340087A9BB /* FavouritesController.storyboard */; };
		53F0D7A4275E98560087A9BB /* FavouritesController.swift in Sources */ = {isa = PBXBuildFile; fileRef = 53F0D7A3275E98560087A9BB /* FavouritesController.swift */; };
		53F0D7A6275E987F0087A9BB /* FavouritesInteractor.swift in Sources */ = {isa = PBXBuildFile; fileRef = 53F0D7A5275E987F0087A9BB /* FavouritesInteractor.swift */; };
		53F0D7A8275E98870087A9BB /* FavouritesRouter.swift in Sources */ = {isa = PBXBuildFile; fileRef = 53F0D7A7275E98870087A9BB /* FavouritesRouter.swift */; };
		53F0D7AA275E988E0087A9BB /* FavouritesWorker.swift in Sources */ = {isa = PBXBuildFile; fileRef = 53F0D7A9275E988E0087A9BB /* FavouritesWorker.swift */; };
		53F0D7AC275E98940087A9BB /* FavouritesPresenter.swift in Sources */ = {isa = PBXBuildFile; fileRef = 53F0D7AB275E98940087A9BB /* FavouritesPresenter.swift */; };
		53F0D7AE275E98990087A9BB /* FavouritesModels.swift in Sources */ = {isa = PBXBuildFile; fileRef = 53F0D7AD275E98990087A9BB /* FavouritesModels.swift */; };
		53F3E2F2273FD7D7004B278E /* CityController.swift in Sources */ = {isa = PBXBuildFile; fileRef = 53F3E2F1273FD7D7004B278E /* CityController.swift */; };
		53F3E2F4273FD7E3004B278E /* CityInteractor.swift in Sources */ = {isa = PBXBuildFile; fileRef = 53F3E2F3273FD7E3004B278E /* CityInteractor.swift */; };
		53F3E2F6273FD7F2004B278E /* CityWorker.swift in Sources */ = {isa = PBXBuildFile; fileRef = 53F3E2F5273FD7F2004B278E /* CityWorker.swift */; };
		53F3E2F8273FD7FB004B278E /* CityPresenter.swift in Sources */ = {isa = PBXBuildFile; fileRef = 53F3E2F7273FD7FB004B278E /* CityPresenter.swift */; };
		53F3E2FA273FD803004B278E /* CityModels.swift in Sources */ = {isa = PBXBuildFile; fileRef = 53F3E2F9273FD803004B278E /* CityModels.swift */; };
		53F3E2FC273FD830004B278E /* CityController.storyboard in Resources */ = {isa = PBXBuildFile; fileRef = 53F3E2FB273FD830004B278E /* CityController.storyboard */; };
		53F3E2FE273FDD4D004B278E /* CurrentCityRouter.swift in Sources */ = {isa = PBXBuildFile; fileRef = 53F3E2FD273FDD4D004B278E /* CurrentCityRouter.swift */; };
		53F3E300273FED23004B278E /* CityRouter.swift in Sources */ = {isa = PBXBuildFile; fileRef = 53F3E2FF273FED23004B278E /* CityRouter.swift */; };
		53F3E30227404119004B278E /* CurrentCityButtonView.swift in Sources */ = {isa = PBXBuildFile; fileRef = 53F3E30127404119004B278E /* CurrentCityButtonView.swift */; };
		53F3E3042740469E004B278E /* MapRouter.swift in Sources */ = {isa = PBXBuildFile; fileRef = 53F3E3032740469E004B278E /* MapRouter.swift */; };
		C2186D8A272C0B05001889AF /* FloatingViewFirstTableViewCell.swift in Sources */ = {isa = PBXBuildFile; fileRef = C2186D89272C0B05001889AF /* FloatingViewFirstTableViewCell.swift */; };
		C2350E07273AC39F000BA2A7 /* FloatingViewThirdTableViewCell.swift in Sources */ = {isa = PBXBuildFile; fileRef = C2350E06273AC39F000BA2A7 /* FloatingViewThirdTableViewCell.swift */; };
		C254487A2706ED32000B9439 /* ModelWeather.swift in Sources */ = {isa = PBXBuildFile; fileRef = C25448792706ED32000B9439 /* ModelWeather.swift */; };
		C254487C2706F52E000B9439 /* Extension+CLLocation.swift in Sources */ = {isa = PBXBuildFile; fileRef = C254487B2706F52E000B9439 /* Extension+CLLocation.swift */; };
		C254487E27070753000B9439 /* FloatingView.swift in Sources */ = {isa = PBXBuildFile; fileRef = C254487D27070753000B9439 /* FloatingView.swift */; };
		C254488027070829000B9439 /* Extention+UIView.swift in Sources */ = {isa = PBXBuildFile; fileRef = C254487F27070829000B9439 /* Extention+UIView.swift */; };
		C2588F982702F5D40014CCDC /* CurrentCityStoryboard.storyboard in Resources */ = {isa = PBXBuildFile; fileRef = C2588F972702F5D40014CCDC /* CurrentCityStoryboard.storyboard */; };
		C2588F9E2702F6960014CCDC /* WorldController.swift in Sources */ = {isa = PBXBuildFile; fileRef = C2588F9D2702F6960014CCDC /* WorldController.swift */; };
		C2588FA1270307280014CCDC /* ScrollViewOnMap.swift in Sources */ = {isa = PBXBuildFile; fileRef = C2588FA0270307280014CCDC /* ScrollViewOnMap.swift */; };
		C2588FA3270307980014CCDC /* Extension+UILabel.swift in Sources */ = {isa = PBXBuildFile; fileRef = C2588FA2270307980014CCDC /* Extension+UILabel.swift */; };
		C2588FA527030D6E0014CCDC /* FilterView.swift in Sources */ = {isa = PBXBuildFile; fileRef = C2588FA427030D6E0014CCDC /* FilterView.swift */; };
		C2588FA7270325770014CCDC /* Constants.swift in Sources */ = {isa = PBXBuildFile; fileRef = C2588FA6270325770014CCDC /* Constants.swift */; };
		C2588FAB270364180014CCDC /* TopSearchView.swift in Sources */ = {isa = PBXBuildFile; fileRef = C2588FAA270364180014CCDC /* TopSearchView.swift */; };
		C259AA1127204DA600B03921 /* Extension+UserDefault.swift in Sources */ = {isa = PBXBuildFile; fileRef = C259AA1027204DA600B03921 /* Extension+UserDefault.swift */; };
		C259AA1327214A4F00B03921 /* CurrentCityInteractor.swift in Sources */ = {isa = PBXBuildFile; fileRef = C259AA1227214A4F00B03921 /* CurrentCityInteractor.swift */; };
		C259AA1527214A5B00B03921 /* CurrentCityPresenter.swift in Sources */ = {isa = PBXBuildFile; fileRef = C259AA1427214A5B00B03921 /* CurrentCityPresenter.swift */; };
		C259AA1727214A6300B03921 /* CurrentCityWorker.swift in Sources */ = {isa = PBXBuildFile; fileRef = C259AA1627214A6300B03921 /* CurrentCityWorker.swift */; };
		C259AA1927214A6B00B03921 /* CurrentCityModels.swift in Sources */ = {isa = PBXBuildFile; fileRef = C259AA1827214A6B00B03921 /* CurrentCityModels.swift */; };
		C259AA1B27215B7500B03921 /* CountryCitiesTableViewCell.swift in Sources */ = {isa = PBXBuildFile; fileRef = C259AA1A27215B7500B03921 /* CountryCitiesTableViewCell.swift */; };
		C259AA1E2721710800B03921 /* Extension+UIImageView.swift in Sources */ = {isa = PBXBuildFile; fileRef = C259AA1D2721710800B03921 /* Extension+UIImageView.swift */; };
		C259AA20272180FB00B03921 /* GradientView.swift in Sources */ = {isa = PBXBuildFile; fileRef = C259AA1F272180FB00B03921 /* GradientView.swift */; };
		C26BFE412768A00200ABD119 /* WorldInteractor.swift in Sources */ = {isa = PBXBuildFile; fileRef = C26BFE402768A00200ABD119 /* WorldInteractor.swift */; };
		C26BFE432768A00E00ABD119 /* WorldWorker.swift in Sources */ = {isa = PBXBuildFile; fileRef = C26BFE422768A00E00ABD119 /* WorldWorker.swift */; };
		C26BFE452768A01B00ABD119 /* WorldPresenter.swift in Sources */ = {isa = PBXBuildFile; fileRef = C26BFE442768A01B00ABD119 /* WorldPresenter.swift */; };
		C26BFE472768A02300ABD119 /* WorldModels.swift in Sources */ = {isa = PBXBuildFile; fileRef = C26BFE462768A02300ABD119 /* WorldModels.swift */; };
		C26BFE492768A02F00ABD119 /* WorldRouter.swift in Sources */ = {isa = PBXBuildFile; fileRef = C26BFE482768A02F00ABD119 /* WorldRouter.swift */; };
		C26BFE4F2768D7A800ABD119 /* IntrestingEventsController.storyboard in Resources */ = {isa = PBXBuildFile; fileRef = C26BFE4E2768D7A800ABD119 /* IntrestingEventsController.storyboard */; };
		C26BFE512768D7BB00ABD119 /* IntrestingEventsController.swift in Sources */ = {isa = PBXBuildFile; fileRef = C26BFE502768D7BB00ABD119 /* IntrestingEventsController.swift */; };
		C26BFE532768D7CC00ABD119 /* IntrestingEventsInteractor.swift in Sources */ = {isa = PBXBuildFile; fileRef = C26BFE522768D7CC00ABD119 /* IntrestingEventsInteractor.swift */; };
		C26BFE552768D7D400ABD119 /* IntrestingEventsRouter.swift in Sources */ = {isa = PBXBuildFile; fileRef = C26BFE542768D7D400ABD119 /* IntrestingEventsRouter.swift */; };
		C26BFE572768D7D900ABD119 /* IntrestingEventsWorker.swift in Sources */ = {isa = PBXBuildFile; fileRef = C26BFE562768D7D900ABD119 /* IntrestingEventsWorker.swift */; };
		C26BFE592768D7E200ABD119 /* IntrestingEventsPresenter.swift in Sources */ = {isa = PBXBuildFile; fileRef = C26BFE582768D7E200ABD119 /* IntrestingEventsPresenter.swift */; };
		C26BFE5B2768D7EA00ABD119 /* IntrestingEventsModels.swift in Sources */ = {isa = PBXBuildFile; fileRef = C26BFE5A2768D7EA00ABD119 /* IntrestingEventsModels.swift */; };
		C26BFE5E2768DC6000ABD119 /* InterestingEventsTableViewCell.swift in Sources */ = {isa = PBXBuildFile; fileRef = C26BFE5D2768DC6000ABD119 /* InterestingEventsTableViewCell.swift */; };
		C26BFE602769E3F600ABD119 /* CountryToSelectTableViewCell.swift in Sources */ = {isa = PBXBuildFile; fileRef = C26BFE5F2769E3F600ABD119 /* CountryToSelectTableViewCell.swift */; };
		C26BFE63276A1BD200ABD119 /* SelectedInterestingEventController.storyboard in Resources */ = {isa = PBXBuildFile; fileRef = C26BFE62276A1BD200ABD119 /* SelectedInterestingEventController.storyboard */; };
		C26BFE65276A1BF600ABD119 /* SelectedInterestingEventController.swift in Sources */ = {isa = PBXBuildFile; fileRef = C26BFE64276A1BF600ABD119 /* SelectedInterestingEventController.swift */; };
		C26BFE67276A1C0600ABD119 /* SelectedInterestingEventInteractor.swift in Sources */ = {isa = PBXBuildFile; fileRef = C26BFE66276A1C0600ABD119 /* SelectedInterestingEventInteractor.swift */; };
		C26BFE69276A1C0D00ABD119 /* SelectedInterestingEventRouter.swift in Sources */ = {isa = PBXBuildFile; fileRef = C26BFE68276A1C0D00ABD119 /* SelectedInterestingEventRouter.swift */; };
		C26BFE6B276A1C1500ABD119 /* SelectedInterestingEventWorker.swift in Sources */ = {isa = PBXBuildFile; fileRef = C26BFE6A276A1C1500ABD119 /* SelectedInterestingEventWorker.swift */; };
		C26BFE6D276A1C1D00ABD119 /* SelectedInterestingEventPresenter.swift in Sources */ = {isa = PBXBuildFile; fileRef = C26BFE6C276A1C1D00ABD119 /* SelectedInterestingEventPresenter.swift */; };
		C26BFE6F276A1C2400ABD119 /* SelectedInterestingEventModels.swift in Sources */ = {isa = PBXBuildFile; fileRef = C26BFE6E276A1C2400ABD119 /* SelectedInterestingEventModels.swift */; };
		C26BFE72276A260500ABD119 /* ExibitionsContoller.storyboard in Resources */ = {isa = PBXBuildFile; fileRef = C26BFE71276A260500ABD119 /* ExibitionsContoller.storyboard */; };
		C26BFE74276A261200ABD119 /* ExibitionsController.swift in Sources */ = {isa = PBXBuildFile; fileRef = C26BFE73276A261200ABD119 /* ExibitionsController.swift */; };
		C26BFE76276A261D00ABD119 /* ExibitionsInteractor.swift in Sources */ = {isa = PBXBuildFile; fileRef = C26BFE75276A261D00ABD119 /* ExibitionsInteractor.swift */; };
		C26BFE78276A262400ABD119 /* ExibitionsRouter.swift in Sources */ = {isa = PBXBuildFile; fileRef = C26BFE77276A262400ABD119 /* ExibitionsRouter.swift */; };
		C26BFE7A276A262C00ABD119 /* ExibitionsWorker.swift in Sources */ = {isa = PBXBuildFile; fileRef = C26BFE79276A262C00ABD119 /* ExibitionsWorker.swift */; };
		C26BFE7C276A263500ABD119 /* ExibitionsPresenter.swift in Sources */ = {isa = PBXBuildFile; fileRef = C26BFE7B276A263500ABD119 /* ExibitionsPresenter.swift */; };
		C26BFE7E276A263C00ABD119 /* ExibitionsModels.swift in Sources */ = {isa = PBXBuildFile; fileRef = C26BFE7D276A263C00ABD119 /* ExibitionsModels.swift */; };
		C26BFE80276A2B4000ABD119 /* ExibitionsTableViewCell.swift in Sources */ = {isa = PBXBuildFile; fileRef = C26BFE7F276A2B4000ABD119 /* ExibitionsTableViewCell.swift */; };
		C2A0C214276B46470023BF60 /* DescriptionCountryToBuyController.storyboard in Resources */ = {isa = PBXBuildFile; fileRef = C2A0C213276B46470023BF60 /* DescriptionCountryToBuyController.storyboard */; };
		C2A0C216276B46580023BF60 /* DescriptionCountryToBuyController.swift in Sources */ = {isa = PBXBuildFile; fileRef = C2A0C215276B46580023BF60 /* DescriptionCountryToBuyController.swift */; };
		C2A0C218276B46640023BF60 /* DescriptionCountryToBuyInteractor.swift in Sources */ = {isa = PBXBuildFile; fileRef = C2A0C217276B46640023BF60 /* DescriptionCountryToBuyInteractor.swift */; };
		C2A0C21A276B466C0023BF60 /* DescriptionCountryToBuyRouter.swift in Sources */ = {isa = PBXBuildFile; fileRef = C2A0C219276B466C0023BF60 /* DescriptionCountryToBuyRouter.swift */; };
		C2A0C21C276B46730023BF60 /* DescriptionCountryToBuyWorker.swift in Sources */ = {isa = PBXBuildFile; fileRef = C2A0C21B276B46730023BF60 /* DescriptionCountryToBuyWorker.swift */; };
		C2A0C21E276B467C0023BF60 /* DescriptionCountryToBuyPresenter.swift in Sources */ = {isa = PBXBuildFile; fileRef = C2A0C21D276B467C0023BF60 /* DescriptionCountryToBuyPresenter.swift */; };
		C2A0C220276B46840023BF60 /* DescriptionCountryToBuyModels.swift in Sources */ = {isa = PBXBuildFile; fileRef = C2A0C21F276B46840023BF60 /* DescriptionCountryToBuyModels.swift */; };
		C2A0C223276B85FC0023BF60 /* InterestingEventsCollectionViewCell.swift in Sources */ = {isa = PBXBuildFile; fileRef = C2A0C222276B85FC0023BF60 /* InterestingEventsCollectionViewCell.swift */; };
		C2A6D2F2271D824300DD9DF4 /* MainFloatingView.swift in Sources */ = {isa = PBXBuildFile; fileRef = C2A6D2F1271D824300DD9DF4 /* MainFloatingView.swift */; };
		C2C985EB2744FCC600CCC2F7 /* CountryCellsPhotosCollectionViewCell.swift in Sources */ = {isa = PBXBuildFile; fileRef = C2C985EA2744FCC600CCC2F7 /* CountryCellsPhotosCollectionViewCell.swift */; };
		C2C985EF2745019400CCC2F7 /* CountryCellsCitiesCollectionViewCell.swift in Sources */ = {isa = PBXBuildFile; fileRef = C2C985EE2745019400CCC2F7 /* CountryCellsCitiesCollectionViewCell.swift */; };
		C2CA35D426FDCDAF00795EF6 /* AppDelegate.swift in Sources */ = {isa = PBXBuildFile; fileRef = C2CA35D326FDCDAF00795EF6 /* AppDelegate.swift */; };
		C2CA35D626FDCDAF00795EF6 /* SceneDelegate.swift in Sources */ = {isa = PBXBuildFile; fileRef = C2CA35D526FDCDAF00795EF6 /* SceneDelegate.swift */; };
		C2CA35DB26FDCDAF00795EF6 /* Main.storyboard in Resources */ = {isa = PBXBuildFile; fileRef = C2CA35D926FDCDAF00795EF6 /* Main.storyboard */; };
		C2CA35DD26FDCDB100795EF6 /* Assets.xcassets in Resources */ = {isa = PBXBuildFile; fileRef = C2CA35DC26FDCDB100795EF6 /* Assets.xcassets */; };
		C2CA35E026FDCDB100795EF6 /* LaunchScreen.storyboard in Resources */ = {isa = PBXBuildFile; fileRef = C2CA35DE26FDCDB100795EF6 /* LaunchScreen.storyboard */; };
		C2CA35E826FDCDD600795EF6 /* CustomTabBar.swift in Sources */ = {isa = PBXBuildFile; fileRef = C2CA35E726FDCDD600795EF6 /* CustomTabBar.swift */; };
		C2CA35EA26FDF98E00795EF6 /* TabBarWithCorners.swift in Sources */ = {isa = PBXBuildFile; fileRef = C2CA35E926FDF98E00795EF6 /* TabBarWithCorners.swift */; };
		C2CA35F026FE0C9C00795EF6 /* CurrentCityController.swift in Sources */ = {isa = PBXBuildFile; fileRef = C2CA35EF26FE0C9C00795EF6 /* CurrentCityController.swift */; };
		C2CA35F226FE1DA800795EF6 /* MapController.swift in Sources */ = {isa = PBXBuildFile; fileRef = C2CA35F126FE1DA800795EF6 /* MapController.swift */; };
		C2CA35F426FE1DB700795EF6 /* MapStoryboard.storyboard in Resources */ = {isa = PBXBuildFile; fileRef = C2CA35F326FE1DB700795EF6 /* MapStoryboard.storyboard */; };
/* End PBXBuildFile section */

/* Begin PBXFileReference section */
		500C05E5E5A28B5089ECD296 /* Pods-TabBarTest.release.xcconfig */ = {isa = PBXFileReference; includeInIndex = 1; lastKnownFileType = text.xcconfig; name = "Pods-TabBarTest.release.xcconfig"; path = "Target Support Files/Pods-TabBarTest/Pods-TabBarTest.release.xcconfig"; sourceTree = "<group>"; };
		5323BA11274CEB6100F6BA5E /* ButtonsCollectionViewCell.swift */ = {isa = PBXFileReference; lastKnownFileType = sourcecode.swift; path = ButtonsCollectionViewCell.swift; sourceTree = "<group>"; };
		5323BA13274D3BA500F6BA5E /* SightTableViewCell.swift */ = {isa = PBXFileReference; lastKnownFileType = sourcecode.swift; path = SightTableViewCell.swift; sourceTree = "<group>"; };
		5323BA15274D3DBE00F6BA5E /* SightCollectionViewCell.swift */ = {isa = PBXFileReference; lastKnownFileType = sourcecode.swift; path = SightCollectionViewCell.swift; sourceTree = "<group>"; };
		5323BA17274D509700F6BA5E /* TicketCollectionViewCell.swift */ = {isa = PBXFileReference; lastKnownFileType = sourcecode.swift; path = TicketCollectionViewCell.swift; sourceTree = "<group>"; };
		5323BA19274D525800F6BA5E /* TicketsCellsCitiesCollectionViewCell.swift */ = {isa = PBXFileReference; lastKnownFileType = sourcecode.swift; path = TicketsCellsCitiesCollectionViewCell.swift; sourceTree = "<group>"; };
		5323BA1B274D82CC00F6BA5E /* WeatherCollectionViewCell.swift */ = {isa = PBXFileReference; lastKnownFileType = sourcecode.swift; path = WeatherCollectionViewCell.swift; sourceTree = "<group>"; };
		533D8DD7270394890006B0EE /* WeatherView.swift */ = {isa = PBXFileReference; lastKnownFileType = sourcecode.swift; path = WeatherView.swift; sourceTree = "<group>"; };
		53403D67275FF1B4004087F7 /* FavouritesTableViewCell.swift */ = {isa = PBXFileReference; lastKnownFileType = sourcecode.swift; path = FavouritesTableViewCell.swift; sourceTree = "<group>"; };
		53403D6A275FF321004087F7 /* FavouritesTableViewCollectionViewCell.swift */ = {isa = PBXFileReference; lastKnownFileType = sourcecode.swift; path = FavouritesTableViewCollectionViewCell.swift; sourceTree = "<group>"; };
		53403D6C2763C402004087F7 /* FavouritesTopView.swift */ = {isa = PBXFileReference; lastKnownFileType = sourcecode.swift; path = FavouritesTopView.swift; sourceTree = "<group>"; };
		53403D6E2763D07B004087F7 /* FavouritesTopCollectionViewCell.swift */ = {isa = PBXFileReference; lastKnownFileType = sourcecode.swift; path = FavouritesTopCollectionViewCell.swift; sourceTree = "<group>"; };
		53403D702763E0FC004087F7 /* Extension+String.swift */ = {isa = PBXFileReference; lastKnownFileType = sourcecode.swift; path = "Extension+String.swift"; sourceTree = "<group>"; };
		5345E2882718B2D400FCD554 /* SettingsStoryboard.storyboard */ = {isa = PBXFileReference; lastKnownFileType = file.storyboard; path = SettingsStoryboard.storyboard; sourceTree = "<group>"; };
		5345E28B2718B30000FCD554 /* SettingsController.swift */ = {isa = PBXFileReference; lastKnownFileType = sourcecode.swift; path = SettingsController.swift; sourceTree = "<group>"; };
		534E20E52769193000442F29 /* WorldStoryboard.storyboard */ = {isa = PBXFileReference; lastKnownFileType = file.storyboard; path = WorldStoryboard.storyboard; sourceTree = "<group>"; };
		538AF82F27341AAB00D02ECA /* StackViewStars.swift */ = {isa = PBXFileReference; lastKnownFileType = sourcecode.swift; path = StackViewStars.swift; sourceTree = "<group>"; };
		538AF831273422C500D02ECA /* FloatingViewSecondTableViewCell.swift */ = {isa = PBXFileReference; lastKnownFileType = sourcecode.swift; path = FloatingViewSecondTableViewCell.swift; sourceTree = "<group>"; };
		538AF834273424DC00D02ECA /* FloatingCollectionViewCell.swift */ = {isa = PBXFileReference; lastKnownFileType = sourcecode.swift; path = FloatingCollectionViewCell.swift; sourceTree = "<group>"; };
		5396A4922706377C0044D759 /* InternetConnection.swift */ = {isa = PBXFileReference; lastKnownFileType = sourcecode.swift; path = InternetConnection.swift; sourceTree = "<group>"; };
		5397795527442BC4006644D3 /* AvailableCities.swift */ = {isa = PBXFileReference; lastKnownFileType = sourcecode.swift; path = AvailableCities.swift; sourceTree = "<group>"; };
		5397795727443107006644D3 /* Extension+UIViewController.swift */ = {isa = PBXFileReference; lastKnownFileType = sourcecode.swift; path = "Extension+UIViewController.swift"; sourceTree = "<group>"; };
		5397795A27443866006644D3 /* CountryDescriptionTableViewCell.swift */ = {isa = PBXFileReference; lastKnownFileType = sourcecode.swift; path = CountryDescriptionTableViewCell.swift; sourceTree = "<group>"; };
		5397795C27443872006644D3 /* CountryPhotosTableViewCell.swift */ = {isa = PBXFileReference; lastKnownFileType = sourcecode.swift; path = CountryPhotosTableViewCell.swift; sourceTree = "<group>"; };
		53D9BB1B272B39CE00CC14A8 /* ActionButtonsScrollView.swift */ = {isa = PBXFileReference; lastKnownFileType = sourcecode.swift; path = ActionButtonsScrollView.swift; sourceTree = "<group>"; };
		53EF4D1B270E2A53008CB1B2 /* MapInteractor.swift */ = {isa = PBXFileReference; lastKnownFileType = sourcecode.swift; path = MapInteractor.swift; sourceTree = "<group>"; };
		53EF4D1D270E2A60008CB1B2 /* MapPresenter.swift */ = {isa = PBXFileReference; lastKnownFileType = sourcecode.swift; path = MapPresenter.swift; sourceTree = "<group>"; };
		53EF4D1F270E2A6E008CB1B2 /* MapWorker.swift */ = {isa = PBXFileReference; lastKnownFileType = sourcecode.swift; path = MapWorker.swift; sourceTree = "<group>"; };
		53EF4D21270E2A7B008CB1B2 /* MapModels.swift */ = {isa = PBXFileReference; lastKnownFileType = sourcecode.swift; path = MapModels.swift; sourceTree = "<group>"; };
		53EF561E270F720E00CD3786 /* WeatherAPI.swift */ = {isa = PBXFileReference; lastKnownFileType = sourcecode.swift; path = WeatherAPI.swift; sourceTree = "<group>"; };
		53F0D7A1275E98340087A9BB /* FavouritesController.storyboard */ = {isa = PBXFileReference; lastKnownFileType = file.storyboard; path = FavouritesController.storyboard; sourceTree = "<group>"; };
		53F0D7A3275E98560087A9BB /* FavouritesController.swift */ = {isa = PBXFileReference; lastKnownFileType = sourcecode.swift; path = FavouritesController.swift; sourceTree = "<group>"; };
		53F0D7A5275E987F0087A9BB /* FavouritesInteractor.swift */ = {isa = PBXFileReference; lastKnownFileType = sourcecode.swift; path = FavouritesInteractor.swift; sourceTree = "<group>"; };
		53F0D7A7275E98870087A9BB /* FavouritesRouter.swift */ = {isa = PBXFileReference; lastKnownFileType = sourcecode.swift; path = FavouritesRouter.swift; sourceTree = "<group>"; };
		53F0D7A9275E988E0087A9BB /* FavouritesWorker.swift */ = {isa = PBXFileReference; lastKnownFileType = sourcecode.swift; path = FavouritesWorker.swift; sourceTree = "<group>"; };
		53F0D7AB275E98940087A9BB /* FavouritesPresenter.swift */ = {isa = PBXFileReference; lastKnownFileType = sourcecode.swift; path = FavouritesPresenter.swift; sourceTree = "<group>"; };
		53F0D7AD275E98990087A9BB /* FavouritesModels.swift */ = {isa = PBXFileReference; lastKnownFileType = sourcecode.swift; path = FavouritesModels.swift; sourceTree = "<group>"; };
		53F3E2F1273FD7D7004B278E /* CityController.swift */ = {isa = PBXFileReference; lastKnownFileType = sourcecode.swift; path = CityController.swift; sourceTree = "<group>"; };
		53F3E2F3273FD7E3004B278E /* CityInteractor.swift */ = {isa = PBXFileReference; lastKnownFileType = sourcecode.swift; path = CityInteractor.swift; sourceTree = "<group>"; };
		53F3E2F5273FD7F2004B278E /* CityWorker.swift */ = {isa = PBXFileReference; lastKnownFileType = sourcecode.swift; path = CityWorker.swift; sourceTree = "<group>"; };
		53F3E2F7273FD7FB004B278E /* CityPresenter.swift */ = {isa = PBXFileReference; lastKnownFileType = sourcecode.swift; path = CityPresenter.swift; sourceTree = "<group>"; };
		53F3E2F9273FD803004B278E /* CityModels.swift */ = {isa = PBXFileReference; lastKnownFileType = sourcecode.swift; path = CityModels.swift; sourceTree = "<group>"; };
		53F3E2FB273FD830004B278E /* CityController.storyboard */ = {isa = PBXFileReference; lastKnownFileType = file.storyboard; path = CityController.storyboard; sourceTree = "<group>"; };
		53F3E2FD273FDD4D004B278E /* CurrentCityRouter.swift */ = {isa = PBXFileReference; lastKnownFileType = sourcecode.swift; path = CurrentCityRouter.swift; sourceTree = "<group>"; };
		53F3E2FF273FED23004B278E /* CityRouter.swift */ = {isa = PBXFileReference; lastKnownFileType = sourcecode.swift; path = CityRouter.swift; sourceTree = "<group>"; };
		53F3E30127404119004B278E /* CurrentCityButtonView.swift */ = {isa = PBXFileReference; lastKnownFileType = sourcecode.swift; path = CurrentCityButtonView.swift; sourceTree = "<group>"; };
		53F3E3032740469E004B278E /* MapRouter.swift */ = {isa = PBXFileReference; lastKnownFileType = sourcecode.swift; path = MapRouter.swift; sourceTree = "<group>"; };
		6FDB80F8D64C9AFF6D52A8B3 /* Pods_TabBarTest.framework */ = {isa = PBXFileReference; explicitFileType = wrapper.framework; includeInIndex = 0; path = Pods_TabBarTest.framework; sourceTree = BUILT_PRODUCTS_DIR; };
		C2186D89272C0B05001889AF /* FloatingViewFirstTableViewCell.swift */ = {isa = PBXFileReference; lastKnownFileType = sourcecode.swift; path = FloatingViewFirstTableViewCell.swift; sourceTree = "<group>"; };
		C2350E06273AC39F000BA2A7 /* FloatingViewThirdTableViewCell.swift */ = {isa = PBXFileReference; lastKnownFileType = sourcecode.swift; path = FloatingViewThirdTableViewCell.swift; sourceTree = "<group>"; };
		C25448792706ED32000B9439 /* ModelWeather.swift */ = {isa = PBXFileReference; lastKnownFileType = sourcecode.swift; path = ModelWeather.swift; sourceTree = "<group>"; };
		C254487B2706F52E000B9439 /* Extension+CLLocation.swift */ = {isa = PBXFileReference; lastKnownFileType = sourcecode.swift; path = "Extension+CLLocation.swift"; sourceTree = "<group>"; };
		C254487D27070753000B9439 /* FloatingView.swift */ = {isa = PBXFileReference; lastKnownFileType = sourcecode.swift; path = FloatingView.swift; sourceTree = "<group>"; };
		C254487F27070829000B9439 /* Extention+UIView.swift */ = {isa = PBXFileReference; lastKnownFileType = sourcecode.swift; path = "Extention+UIView.swift"; sourceTree = "<group>"; };
		C2588F972702F5D40014CCDC /* CurrentCityStoryboard.storyboard */ = {isa = PBXFileReference; lastKnownFileType = file.storyboard; path = CurrentCityStoryboard.storyboard; sourceTree = "<group>"; };
		C2588F9D2702F6960014CCDC /* WorldController.swift */ = {isa = PBXFileReference; lastKnownFileType = sourcecode.swift; path = WorldController.swift; sourceTree = "<group>"; };
		C2588FA0270307280014CCDC /* ScrollViewOnMap.swift */ = {isa = PBXFileReference; lastKnownFileType = sourcecode.swift; path = ScrollViewOnMap.swift; sourceTree = "<group>"; };
		C2588FA2270307980014CCDC /* Extension+UILabel.swift */ = {isa = PBXFileReference; lastKnownFileType = sourcecode.swift; path = "Extension+UILabel.swift"; sourceTree = "<group>"; };
		C2588FA427030D6E0014CCDC /* FilterView.swift */ = {isa = PBXFileReference; lastKnownFileType = sourcecode.swift; path = FilterView.swift; sourceTree = "<group>"; };
		C2588FA6270325770014CCDC /* Constants.swift */ = {isa = PBXFileReference; lastKnownFileType = sourcecode.swift; path = Constants.swift; sourceTree = "<group>"; };
		C2588FAA270364180014CCDC /* TopSearchView.swift */ = {isa = PBXFileReference; lastKnownFileType = sourcecode.swift; path = TopSearchView.swift; sourceTree = "<group>"; };
		C259AA1027204DA600B03921 /* Extension+UserDefault.swift */ = {isa = PBXFileReference; lastKnownFileType = sourcecode.swift; path = "Extension+UserDefault.swift"; sourceTree = "<group>"; };
		C259AA1227214A4F00B03921 /* CurrentCityInteractor.swift */ = {isa = PBXFileReference; lastKnownFileType = sourcecode.swift; path = CurrentCityInteractor.swift; sourceTree = "<group>"; };
		C259AA1427214A5B00B03921 /* CurrentCityPresenter.swift */ = {isa = PBXFileReference; lastKnownFileType = sourcecode.swift; path = CurrentCityPresenter.swift; sourceTree = "<group>"; };
		C259AA1627214A6300B03921 /* CurrentCityWorker.swift */ = {isa = PBXFileReference; lastKnownFileType = sourcecode.swift; path = CurrentCityWorker.swift; sourceTree = "<group>"; };
		C259AA1827214A6B00B03921 /* CurrentCityModels.swift */ = {isa = PBXFileReference; lastKnownFileType = sourcecode.swift; path = CurrentCityModels.swift; sourceTree = "<group>"; };
		C259AA1A27215B7500B03921 /* CountryCitiesTableViewCell.swift */ = {isa = PBXFileReference; lastKnownFileType = sourcecode.swift; path = CountryCitiesTableViewCell.swift; sourceTree = "<group>"; };
		C259AA1D2721710800B03921 /* Extension+UIImageView.swift */ = {isa = PBXFileReference; lastKnownFileType = sourcecode.swift; path = "Extension+UIImageView.swift"; sourceTree = "<group>"; };
		C259AA1F272180FB00B03921 /* GradientView.swift */ = {isa = PBXFileReference; lastKnownFileType = sourcecode.swift; path = GradientView.swift; sourceTree = "<group>"; };
		C26BFE402768A00200ABD119 /* WorldInteractor.swift */ = {isa = PBXFileReference; lastKnownFileType = sourcecode.swift; path = WorldInteractor.swift; sourceTree = "<group>"; };
		C26BFE422768A00E00ABD119 /* WorldWorker.swift */ = {isa = PBXFileReference; lastKnownFileType = sourcecode.swift; path = WorldWorker.swift; sourceTree = "<group>"; };
		C26BFE442768A01B00ABD119 /* WorldPresenter.swift */ = {isa = PBXFileReference; lastKnownFileType = sourcecode.swift; path = WorldPresenter.swift; sourceTree = "<group>"; };
		C26BFE462768A02300ABD119 /* WorldModels.swift */ = {isa = PBXFileReference; lastKnownFileType = sourcecode.swift; path = WorldModels.swift; sourceTree = "<group>"; };
		C26BFE482768A02F00ABD119 /* WorldRouter.swift */ = {isa = PBXFileReference; lastKnownFileType = sourcecode.swift; path = WorldRouter.swift; sourceTree = "<group>"; };
		C26BFE4E2768D7A800ABD119 /* IntrestingEventsController.storyboard */ = {isa = PBXFileReference; lastKnownFileType = file.storyboard; path = IntrestingEventsController.storyboard; sourceTree = "<group>"; };
		C26BFE502768D7BB00ABD119 /* IntrestingEventsController.swift */ = {isa = PBXFileReference; lastKnownFileType = sourcecode.swift; path = IntrestingEventsController.swift; sourceTree = "<group>"; };
		C26BFE522768D7CC00ABD119 /* IntrestingEventsInteractor.swift */ = {isa = PBXFileReference; lastKnownFileType = sourcecode.swift; path = IntrestingEventsInteractor.swift; sourceTree = "<group>"; };
		C26BFE542768D7D400ABD119 /* IntrestingEventsRouter.swift */ = {isa = PBXFileReference; lastKnownFileType = sourcecode.swift; path = IntrestingEventsRouter.swift; sourceTree = "<group>"; };
		C26BFE562768D7D900ABD119 /* IntrestingEventsWorker.swift */ = {isa = PBXFileReference; lastKnownFileType = sourcecode.swift; path = IntrestingEventsWorker.swift; sourceTree = "<group>"; };
		C26BFE582768D7E200ABD119 /* IntrestingEventsPresenter.swift */ = {isa = PBXFileReference; lastKnownFileType = sourcecode.swift; path = IntrestingEventsPresenter.swift; sourceTree = "<group>"; };
		C26BFE5A2768D7EA00ABD119 /* IntrestingEventsModels.swift */ = {isa = PBXFileReference; lastKnownFileType = sourcecode.swift; path = IntrestingEventsModels.swift; sourceTree = "<group>"; };
		C26BFE5D2768DC6000ABD119 /* InterestingEventsTableViewCell.swift */ = {isa = PBXFileReference; lastKnownFileType = sourcecode.swift; path = InterestingEventsTableViewCell.swift; sourceTree = "<group>"; };
		C26BFE5F2769E3F600ABD119 /* CountryToSelectTableViewCell.swift */ = {isa = PBXFileReference; lastKnownFileType = sourcecode.swift; path = CountryToSelectTableViewCell.swift; sourceTree = "<group>"; };
		C26BFE62276A1BD200ABD119 /* SelectedInterestingEventController.storyboard */ = {isa = PBXFileReference; lastKnownFileType = file.storyboard; path = SelectedInterestingEventController.storyboard; sourceTree = "<group>"; };
		C26BFE64276A1BF600ABD119 /* SelectedInterestingEventController.swift */ = {isa = PBXFileReference; lastKnownFileType = sourcecode.swift; path = SelectedInterestingEventController.swift; sourceTree = "<group>"; };
		C26BFE66276A1C0600ABD119 /* SelectedInterestingEventInteractor.swift */ = {isa = PBXFileReference; lastKnownFileType = sourcecode.swift; path = SelectedInterestingEventInteractor.swift; sourceTree = "<group>"; };
		C26BFE68276A1C0D00ABD119 /* SelectedInterestingEventRouter.swift */ = {isa = PBXFileReference; lastKnownFileType = sourcecode.swift; path = SelectedInterestingEventRouter.swift; sourceTree = "<group>"; };
		C26BFE6A276A1C1500ABD119 /* SelectedInterestingEventWorker.swift */ = {isa = PBXFileReference; lastKnownFileType = sourcecode.swift; path = SelectedInterestingEventWorker.swift; sourceTree = "<group>"; };
		C26BFE6C276A1C1D00ABD119 /* SelectedInterestingEventPresenter.swift */ = {isa = PBXFileReference; lastKnownFileType = sourcecode.swift; path = SelectedInterestingEventPresenter.swift; sourceTree = "<group>"; };
		C26BFE6E276A1C2400ABD119 /* SelectedInterestingEventModels.swift */ = {isa = PBXFileReference; lastKnownFileType = sourcecode.swift; path = SelectedInterestingEventModels.swift; sourceTree = "<group>"; };
		C26BFE71276A260500ABD119 /* ExibitionsContoller.storyboard */ = {isa = PBXFileReference; lastKnownFileType = file.storyboard; path = ExibitionsContoller.storyboard; sourceTree = "<group>"; };
		C26BFE73276A261200ABD119 /* ExibitionsController.swift */ = {isa = PBXFileReference; lastKnownFileType = sourcecode.swift; path = ExibitionsController.swift; sourceTree = "<group>"; };
		C26BFE75276A261D00ABD119 /* ExibitionsInteractor.swift */ = {isa = PBXFileReference; lastKnownFileType = sourcecode.swift; path = ExibitionsInteractor.swift; sourceTree = "<group>"; };
		C26BFE77276A262400ABD119 /* ExibitionsRouter.swift */ = {isa = PBXFileReference; lastKnownFileType = sourcecode.swift; path = ExibitionsRouter.swift; sourceTree = "<group>"; };
		C26BFE79276A262C00ABD119 /* ExibitionsWorker.swift */ = {isa = PBXFileReference; lastKnownFileType = sourcecode.swift; path = ExibitionsWorker.swift; sourceTree = "<group>"; };
		C26BFE7B276A263500ABD119 /* ExibitionsPresenter.swift */ = {isa = PBXFileReference; lastKnownFileType = sourcecode.swift; path = ExibitionsPresenter.swift; sourceTree = "<group>"; };
		C26BFE7D276A263C00ABD119 /* ExibitionsModels.swift */ = {isa = PBXFileReference; lastKnownFileType = sourcecode.swift; path = ExibitionsModels.swift; sourceTree = "<group>"; };
		C26BFE7F276A2B4000ABD119 /* ExibitionsTableViewCell.swift */ = {isa = PBXFileReference; lastKnownFileType = sourcecode.swift; path = ExibitionsTableViewCell.swift; sourceTree = "<group>"; };
		C2A0C213276B46470023BF60 /* DescriptionCountryToBuyController.storyboard */ = {isa = PBXFileReference; lastKnownFileType = file.storyboard; path = DescriptionCountryToBuyController.storyboard; sourceTree = "<group>"; };
		C2A0C215276B46580023BF60 /* DescriptionCountryToBuyController.swift */ = {isa = PBXFileReference; lastKnownFileType = sourcecode.swift; path = DescriptionCountryToBuyController.swift; sourceTree = "<group>"; };
		C2A0C217276B46640023BF60 /* DescriptionCountryToBuyInteractor.swift */ = {isa = PBXFileReference; lastKnownFileType = sourcecode.swift; path = DescriptionCountryToBuyInteractor.swift; sourceTree = "<group>"; };
		C2A0C219276B466C0023BF60 /* DescriptionCountryToBuyRouter.swift */ = {isa = PBXFileReference; lastKnownFileType = sourcecode.swift; path = DescriptionCountryToBuyRouter.swift; sourceTree = "<group>"; };
		C2A0C21B276B46730023BF60 /* DescriptionCountryToBuyWorker.swift */ = {isa = PBXFileReference; lastKnownFileType = sourcecode.swift; path = DescriptionCountryToBuyWorker.swift; sourceTree = "<group>"; };
		C2A0C21D276B467C0023BF60 /* DescriptionCountryToBuyPresenter.swift */ = {isa = PBXFileReference; lastKnownFileType = sourcecode.swift; path = DescriptionCountryToBuyPresenter.swift; sourceTree = "<group>"; };
		C2A0C21F276B46840023BF60 /* DescriptionCountryToBuyModels.swift */ = {isa = PBXFileReference; lastKnownFileType = sourcecode.swift; path = DescriptionCountryToBuyModels.swift; sourceTree = "<group>"; };
		C2A0C222276B85FC0023BF60 /* InterestingEventsCollectionViewCell.swift */ = {isa = PBXFileReference; fileEncoding = 4; lastKnownFileType = sourcecode.swift; path = InterestingEventsCollectionViewCell.swift; sourceTree = "<group>"; };
		C2A6D2F1271D824300DD9DF4 /* MainFloatingView.swift */ = {isa = PBXFileReference; lastKnownFileType = sourcecode.swift; path = MainFloatingView.swift; sourceTree = "<group>"; };
		C2C985EA2744FCC600CCC2F7 /* CountryCellsPhotosCollectionViewCell.swift */ = {isa = PBXFileReference; lastKnownFileType = sourcecode.swift; path = CountryCellsPhotosCollectionViewCell.swift; sourceTree = "<group>"; };
		C2C985EE2745019400CCC2F7 /* CountryCellsCitiesCollectionViewCell.swift */ = {isa = PBXFileReference; lastKnownFileType = sourcecode.swift; path = CountryCellsCitiesCollectionViewCell.swift; sourceTree = "<group>"; };
		C2CA35D026FDCDAF00795EF6 /* TabBarTest.app */ = {isa = PBXFileReference; explicitFileType = wrapper.application; includeInIndex = 0; path = TabBarTest.app; sourceTree = BUILT_PRODUCTS_DIR; };
		C2CA35D326FDCDAF00795EF6 /* AppDelegate.swift */ = {isa = PBXFileReference; lastKnownFileType = sourcecode.swift; path = AppDelegate.swift; sourceTree = "<group>"; };
		C2CA35D526FDCDAF00795EF6 /* SceneDelegate.swift */ = {isa = PBXFileReference; lastKnownFileType = sourcecode.swift; path = SceneDelegate.swift; sourceTree = "<group>"; };
		C2CA35DA26FDCDAF00795EF6 /* Base */ = {isa = PBXFileReference; lastKnownFileType = file.storyboard; name = Base; path = Base.lproj/Main.storyboard; sourceTree = "<group>"; };
		C2CA35DC26FDCDB100795EF6 /* Assets.xcassets */ = {isa = PBXFileReference; lastKnownFileType = folder.assetcatalog; path = Assets.xcassets; sourceTree = "<group>"; };
		C2CA35DF26FDCDB100795EF6 /* Base */ = {isa = PBXFileReference; lastKnownFileType = file.storyboard; name = Base; path = Base.lproj/LaunchScreen.storyboard; sourceTree = "<group>"; };
		C2CA35E126FDCDB100795EF6 /* Info.plist */ = {isa = PBXFileReference; lastKnownFileType = text.plist.xml; path = Info.plist; sourceTree = "<group>"; };
		C2CA35E726FDCDD600795EF6 /* CustomTabBar.swift */ = {isa = PBXFileReference; lastKnownFileType = sourcecode.swift; path = CustomTabBar.swift; sourceTree = "<group>"; };
		C2CA35E926FDF98E00795EF6 /* TabBarWithCorners.swift */ = {isa = PBXFileReference; lastKnownFileType = sourcecode.swift; path = TabBarWithCorners.swift; sourceTree = "<group>"; };
		C2CA35EF26FE0C9C00795EF6 /* CurrentCityController.swift */ = {isa = PBXFileReference; lastKnownFileType = sourcecode.swift; path = CurrentCityController.swift; sourceTree = "<group>"; };
		C2CA35F126FE1DA800795EF6 /* MapController.swift */ = {isa = PBXFileReference; lastKnownFileType = sourcecode.swift; path = MapController.swift; sourceTree = "<group>"; };
		C2CA35F326FE1DB700795EF6 /* MapStoryboard.storyboard */ = {isa = PBXFileReference; lastKnownFileType = file.storyboard; path = MapStoryboard.storyboard; sourceTree = "<group>"; };
		F5A258287D90199161C7769D /* Pods-TabBarTest.debug.xcconfig */ = {isa = PBXFileReference; includeInIndex = 1; lastKnownFileType = text.xcconfig; name = "Pods-TabBarTest.debug.xcconfig"; path = "Target Support Files/Pods-TabBarTest/Pods-TabBarTest.debug.xcconfig"; sourceTree = "<group>"; };
/* End PBXFileReference section */

/* Begin PBXFrameworksBuildPhase section */
		C2CA35CD26FDCDAF00795EF6 /* Frameworks */ = {
			isa = PBXFrameworksBuildPhase;
			buildActionMask = 2147483647;
			files = (
				18C25D03035A82AD9CDBBF21 /* Pods_TabBarTest.framework in Frameworks */,
				5396A496270639570044D759 /* Alamofire in Frameworks */,
			);
			runOnlyForDeploymentPostprocessing = 0;
		};
/* End PBXFrameworksBuildPhase section */

/* Begin PBXGroup section */
		023FC6799975207E8991DFAE /* Pods */ = {
			isa = PBXGroup;
			children = (
				F5A258287D90199161C7769D /* Pods-TabBarTest.debug.xcconfig */,
				500C05E5E5A28B5089ECD296 /* Pods-TabBarTest.release.xcconfig */,
			);
			path = Pods;
			sourceTree = "<group>";
		};
		533D8DD3270392C50006B0EE /* AppSource */ = {
			isa = PBXGroup;
			children = (
				C2CA35DE26FDCDB100795EF6 /* LaunchScreen.storyboard */,
				C2CA35E126FDCDB100795EF6 /* Info.plist */,
				C2CA35DC26FDCDB100795EF6 /* Assets.xcassets */,
				533D8DD4270392CC0006B0EE /* Constants */,
			);
			path = AppSource;
			sourceTree = "<group>";
		};
		533D8DD4270392CC0006B0EE /* Constants */ = {
			isa = PBXGroup;
			children = (
				C2588FA6270325770014CCDC /* Constants.swift */,
			);
			path = Constants;
			sourceTree = "<group>";
		};
		533D8DD62703930A0006B0EE /* Delegate */ = {
			isa = PBXGroup;
			children = (
				C2CA35D326FDCDAF00795EF6 /* AppDelegate.swift */,
				C2CA35D526FDCDAF00795EF6 /* SceneDelegate.swift */,
			);
			path = Delegate;
			sourceTree = "<group>";
		};
		53403D69275FF1BD004087F7 /* FavouritesCell */ = {
			isa = PBXGroup;
			children = (
				C26BFE3E276890F900ABD119 /* TableView */,
				53403D6E2763D07B004087F7 /* FavouritesTopCollectionViewCell.swift */,
			);
			path = FavouritesCell;
			sourceTree = "<group>";
		};
		5345E28A2718B2DB00FCD554 /* SettingsVC */ = {
			isa = PBXGroup;
			children = (
				5345E2882718B2D400FCD554 /* SettingsStoryboard.storyboard */,
				5345E28B2718B30000FCD554 /* SettingsController.swift */,
			);
			path = SettingsVC;
			sourceTree = "<group>";
		};
		538AF833273422E000D02ECA /* FloatingViewCells */ = {
			isa = PBXGroup;
			children = (
				C2186D89272C0B05001889AF /* FloatingViewFirstTableViewCell.swift */,
				538AF831273422C500D02ECA /* FloatingViewSecondTableViewCell.swift */,
				C2350E06273AC39F000BA2A7 /* FloatingViewThirdTableViewCell.swift */,
			);
			path = FloatingViewCells;
			sourceTree = "<group>";
		};
		5396A4902706375B0044D759 /* Helpers */ = {
			isa = PBXGroup;
			children = (
				5396A4922706377C0044D759 /* InternetConnection.swift */,
				53EF561E270F720E00CD3786 /* WeatherAPI.swift */,
			);
			path = Helpers;
			sourceTree = "<group>";
		};
		5396A491270637690044D759 /* Library */ = {
			isa = PBXGroup;
			children = (
				5396A4902706375B0044D759 /* Helpers */,
				C2588FA82703438A0014CCDC /* Extension */,
			);
			path = Library;
			sourceTree = "<group>";
		};
		5397795927443147006644D3 /* CountryCell */ = {
			isa = PBXGroup;
			children = (
				5397795C27443872006644D3 /* CountryPhotosTableViewCell.swift */,
				C259AA1A27215B7500B03921 /* CountryCitiesTableViewCell.swift */,
				5323BA13274D3BA500F6BA5E /* SightTableViewCell.swift */,
				5397795A27443866006644D3 /* CountryDescriptionTableViewCell.swift */,
				5323BA11274CEB6100F6BA5E /* ButtonsCollectionViewCell.swift */,
				5323BA17274D509700F6BA5E /* TicketCollectionViewCell.swift */,
				5323BA1B274D82CC00F6BA5E /* WeatherCollectionViewCell.swift */,
			);
			path = CountryCell;
			sourceTree = "<group>";
		};
		53F0D79F275E97FC0087A9BB /* TabBarButtons */ = {
			isa = PBXGroup;
			children = (
				C2588F9A2702F6530014CCDC /* Tabbar */,
				C2588F962702F5B40014CCDC /* MapVC */,
				C2588F992702F6080014CCDC /* CurrentCityVC */,
				C2588F9F2702F69A0014CCDC /* WorldVC */,
				5345E28A2718B2DB00FCD554 /* SettingsVC */,
			);
			path = TabBarButtons;
			sourceTree = "<group>";
		};
		53F0D7A0275E980B0087A9BB /* FavouritesVC */ = {
			isa = PBXGroup;
			children = (
				53F0D7A1275E98340087A9BB /* FavouritesController.storyboard */,
				53F0D7A3275E98560087A9BB /* FavouritesController.swift */,
				53F0D7A5275E987F0087A9BB /* FavouritesInteractor.swift */,
				53F0D7A7275E98870087A9BB /* FavouritesRouter.swift */,
				53F0D7A9275E988E0087A9BB /* FavouritesWorker.swift */,
				53F0D7AB275E98940087A9BB /* FavouritesPresenter.swift */,
				53F0D7AD275E98990087A9BB /* FavouritesModels.swift */,
			);
			path = FavouritesVC;
			sourceTree = "<group>";
		};
		53F3E2F0273FD760004B278E /* CityVC */ = {
			isa = PBXGroup;
			children = (
				53F3E2FB273FD830004B278E /* CityController.storyboard */,
				53F3E2F1273FD7D7004B278E /* CityController.swift */,
				53F3E2F3273FD7E3004B278E /* CityInteractor.swift */,
				53F3E2FF273FED23004B278E /* CityRouter.swift */,
				53F3E2F5273FD7F2004B278E /* CityWorker.swift */,
				53F3E2F7273FD7FB004B278E /* CityPresenter.swift */,
				53F3E2F9273FD803004B278E /* CityModels.swift */,
			);
			path = CityVC;
			sourceTree = "<group>";
		};
		C25448782706ED21000B9439 /* Models */ = {
			isa = PBXGroup;
			children = (
				C25448792706ED32000B9439 /* ModelWeather.swift */,
				5397795527442BC4006644D3 /* AvailableCities.swift */,
			);
			path = Models;
			sourceTree = "<group>";
		};
		C2588F962702F5B40014CCDC /* MapVC */ = {
			isa = PBXGroup;
			children = (
				C2CA35F326FE1DB700795EF6 /* MapStoryboard.storyboard */,
				C2CA35F126FE1DA800795EF6 /* MapController.swift */,
				53EF4D1B270E2A53008CB1B2 /* MapInteractor.swift */,
				53EF4D1F270E2A6E008CB1B2 /* MapWorker.swift */,
				53EF4D1D270E2A60008CB1B2 /* MapPresenter.swift */,
				53F3E3032740469E004B278E /* MapRouter.swift */,
				53EF4D21270E2A7B008CB1B2 /* MapModels.swift */,
			);
			path = MapVC;
			sourceTree = "<group>";
		};
		C2588F992702F6080014CCDC /* CurrentCityVC */ = {
			isa = PBXGroup;
			children = (
				C2588F972702F5D40014CCDC /* CurrentCityStoryboard.storyboard */,
				C2CA35EF26FE0C9C00795EF6 /* CurrentCityController.swift */,
				C259AA1227214A4F00B03921 /* CurrentCityInteractor.swift */,
				53F3E2FD273FDD4D004B278E /* CurrentCityRouter.swift */,
				C259AA1627214A6300B03921 /* CurrentCityWorker.swift */,
				C259AA1427214A5B00B03921 /* CurrentCityPresenter.swift */,
				C259AA1827214A6B00B03921 /* CurrentCityModels.swift */,
			);
			path = CurrentCityVC;
			sourceTree = "<group>";
		};
		C2588F9A2702F6530014CCDC /* Tabbar */ = {
			isa = PBXGroup;
			children = (
				C2CA35D926FDCDAF00795EF6 /* Main.storyboard */,
				C2CA35E726FDCDD600795EF6 /* CustomTabBar.swift */,
				C2CA35E926FDF98E00795EF6 /* TabBarWithCorners.swift */,
			);
			path = Tabbar;
			sourceTree = "<group>";
		};
		C2588F9F2702F69A0014CCDC /* WorldVC */ = {
			isa = PBXGroup;
			children = (
				534E20E52769193000442F29 /* WorldStoryboard.storyboard */,
				C2588F9D2702F6960014CCDC /* WorldController.swift */,
				C26BFE402768A00200ABD119 /* WorldInteractor.swift */,
				C26BFE482768A02F00ABD119 /* WorldRouter.swift */,
				C26BFE422768A00E00ABD119 /* WorldWorker.swift */,
				C26BFE442768A01B00ABD119 /* WorldPresenter.swift */,
				C26BFE462768A02300ABD119 /* WorldModels.swift */,
			);
			path = WorldVC;
			sourceTree = "<group>";
		};
		C2588FA82703438A0014CCDC /* Extension */ = {
			isa = PBXGroup;
			children = (
				C2588FA2270307980014CCDC /* Extension+UILabel.swift */,
				5397795727443107006644D3 /* Extension+UIViewController.swift */,
				C254487B2706F52E000B9439 /* Extension+CLLocation.swift */,
				C254487F27070829000B9439 /* Extention+UIView.swift */,
				C259AA1027204DA600B03921 /* Extension+UserDefault.swift */,
				C259AA1D2721710800B03921 /* Extension+UIImageView.swift */,
				53403D702763E0FC004087F7 /* Extension+String.swift */,
			);
			path = Extension;
			sourceTree = "<group>";
		};
		C2588FA92703439C0014CCDC /* Views */ = {
			isa = PBXGroup;
			children = (
				C2588FA427030D6E0014CCDC /* FilterView.swift */,
				538AF82F27341AAB00D02ECA /* StackViewStars.swift */,
				C259AA1F272180FB00B03921 /* GradientView.swift */,
				C2588FA0270307280014CCDC /* ScrollViewOnMap.swift */,
				53D9BB1B272B39CE00CC14A8 /* ActionButtonsScrollView.swift */,
				533D8DD7270394890006B0EE /* WeatherView.swift */,
				53F3E30127404119004B278E /* CurrentCityButtonView.swift */,
				C2588FAA270364180014CCDC /* TopSearchView.swift */,
				C254487D27070753000B9439 /* FloatingView.swift */,
				C2A6D2F1271D824300DD9DF4 /* MainFloatingView.swift */,
				53403D6C2763C402004087F7 /* FavouritesTopView.swift */,
			);
			path = Views;
			sourceTree = "<group>";
		};
		C259AA1C27215B7A00B03921 /* Cells */ = {
			isa = PBXGroup;
			children = (
				C26BFE7F276A2B4000ABD119 /* ExibitionsTableViewCell.swift */,
				C26BFE5F2769E3F600ABD119 /* CountryToSelectTableViewCell.swift */,
				C2C985EA2744FCC600CCC2F7 /* CountryCellsPhotosCollectionViewCell.swift */,
				C2C985EE2745019400CCC2F7 /* CountryCellsCitiesCollectionViewCell.swift */,
				5323BA15274D3DBE00F6BA5E /* SightCollectionViewCell.swift */,
				5323BA19274D525800F6BA5E /* TicketsCellsCitiesCollectionViewCell.swift */,
				538AF834273424DC00D02ECA /* FloatingCollectionViewCell.swift */,
				C2A0C221276B85E00023BF60 /* SelectedInterestingEventCell */,
				C26BFE5C2768DC2500ABD119 /* InterestingEvents */,
				5397795927443147006644D3 /* CountryCell */,
				538AF833273422E000D02ECA /* FloatingViewCells */,
				53403D69275FF1BD004087F7 /* FavouritesCell */,
			);
			path = Cells;
			sourceTree = "<group>";
		};
		C26BFE3E276890F900ABD119 /* TableView */ = {
			isa = PBXGroup;
			children = (
				53403D67275FF1B4004087F7 /* FavouritesTableViewCell.swift */,
				C26BFE3F2768910B00ABD119 /* Cell */,
			);
			path = TableView;
			sourceTree = "<group>";
		};
		C26BFE3F2768910B00ABD119 /* Cell */ = {
			isa = PBXGroup;
			children = (
				53403D6A275FF321004087F7 /* FavouritesTableViewCollectionViewCell.swift */,
			);
			path = Cell;
			sourceTree = "<group>";
		};
		C26BFE4C2768D67D00ABD119 /* ViewControllers */ = {
			isa = PBXGroup;
			children = (
				C2A0C212276B45EB0023BF60 /* DescriptionCountryToBuyVC */,
				C26BFE70276A25B600ABD119 /* ExibitionsVC */,
				C26BFE61276A1B9600ABD119 /* SelectedInterestingEventVC */,
				C26BFE4D2768D68900ABD119 /* InterestingEventsVC */,
				53F0D7A0275E980B0087A9BB /* FavouritesVC */,
				53F3E2F0273FD760004B278E /* CityVC */,
			);
			path = ViewControllers;
			sourceTree = "<group>";
		};
		C26BFE4D2768D68900ABD119 /* InterestingEventsVC */ = {
			isa = PBXGroup;
			children = (
				C26BFE4E2768D7A800ABD119 /* IntrestingEventsController.storyboard */,
				C26BFE502768D7BB00ABD119 /* IntrestingEventsController.swift */,
				C26BFE522768D7CC00ABD119 /* IntrestingEventsInteractor.swift */,
				C26BFE542768D7D400ABD119 /* IntrestingEventsRouter.swift */,
				C26BFE562768D7D900ABD119 /* IntrestingEventsWorker.swift */,
				C26BFE582768D7E200ABD119 /* IntrestingEventsPresenter.swift */,
				C26BFE5A2768D7EA00ABD119 /* IntrestingEventsModels.swift */,
			);
			path = InterestingEventsVC;
			sourceTree = "<group>";
		};
		C26BFE5C2768DC2500ABD119 /* InterestingEvents */ = {
			isa = PBXGroup;
			children = (
				C26BFE5D2768DC6000ABD119 /* InterestingEventsTableViewCell.swift */,
			);
			path = InterestingEvents;
			sourceTree = "<group>";
		};
		C26BFE61276A1B9600ABD119 /* SelectedInterestingEventVC */ = {
			isa = PBXGroup;
			children = (
				C26BFE62276A1BD200ABD119 /* SelectedInterestingEventController.storyboard */,
				C26BFE64276A1BF600ABD119 /* SelectedInterestingEventController.swift */,
				C26BFE66276A1C0600ABD119 /* SelectedInterestingEventInteractor.swift */,
				C26BFE68276A1C0D00ABD119 /* SelectedInterestingEventRouter.swift */,
				C26BFE6A276A1C1500ABD119 /* SelectedInterestingEventWorker.swift */,
				C26BFE6C276A1C1D00ABD119 /* SelectedInterestingEventPresenter.swift */,
				C26BFE6E276A1C2400ABD119 /* SelectedInterestingEventModels.swift */,
			);
			path = SelectedInterestingEventVC;
			sourceTree = "<group>";
		};
		C26BFE70276A25B600ABD119 /* ExibitionsVC */ = {
			isa = PBXGroup;
			children = (
				C26BFE71276A260500ABD119 /* ExibitionsContoller.storyboard */,
				C26BFE73276A261200ABD119 /* ExibitionsController.swift */,
				C26BFE75276A261D00ABD119 /* ExibitionsInteractor.swift */,
				C26BFE77276A262400ABD119 /* ExibitionsRouter.swift */,
				C26BFE79276A262C00ABD119 /* ExibitionsWorker.swift */,
				C26BFE7B276A263500ABD119 /* ExibitionsPresenter.swift */,
				C26BFE7D276A263C00ABD119 /* ExibitionsModels.swift */,
			);
			path = ExibitionsVC;
			sourceTree = "<group>";
		};
		C2A0C212276B45EB0023BF60 /* DescriptionCountryToBuyVC */ = {
			isa = PBXGroup;
			children = (
				C2A0C213276B46470023BF60 /* DescriptionCountryToBuyController.storyboard */,
				C2A0C215276B46580023BF60 /* DescriptionCountryToBuyController.swift */,
				C2A0C217276B46640023BF60 /* DescriptionCountryToBuyInteractor.swift */,
				C2A0C219276B466C0023BF60 /* DescriptionCountryToBuyRouter.swift */,
				C2A0C21B276B46730023BF60 /* DescriptionCountryToBuyWorker.swift */,
				C2A0C21D276B467C0023BF60 /* DescriptionCountryToBuyPresenter.swift */,
				C2A0C21F276B46840023BF60 /* DescriptionCountryToBuyModels.swift */,
			);
			path = DescriptionCountryToBuyVC;
			sourceTree = "<group>";
		};
		C2A0C221276B85E00023BF60 /* SelectedInterestingEventCell */ = {
			isa = PBXGroup;
			children = (
				C2A0C222276B85FC0023BF60 /* InterestingEventsCollectionViewCell.swift */,
			);
			path = SelectedInterestingEventCell;
			sourceTree = "<group>";
		};
		C2CA35C726FDCDAF00795EF6 = {
			isa = PBXGroup;
			children = (
				C2CA35D226FDCDAF00795EF6 /* TabBarTest */,
				C2CA35D126FDCDAF00795EF6 /* Products */,
				023FC6799975207E8991DFAE /* Pods */,
				FCD7794770F4D7EACCF6B159 /* Frameworks */,
			);
			sourceTree = "<group>";
		};
		C2CA35D126FDCDAF00795EF6 /* Products */ = {
			isa = PBXGroup;
			children = (
				C2CA35D026FDCDAF00795EF6 /* TabBarTest.app */,
			);
			name = Products;
			sourceTree = "<group>";
		};
		C2CA35D226FDCDAF00795EF6 /* TabBarTest */ = {
			isa = PBXGroup;
			children = (
				533D8DD62703930A0006B0EE /* Delegate */,
				5396A491270637690044D759 /* Library */,
				53F0D79F275E97FC0087A9BB /* TabBarButtons */,
				C26BFE4C2768D67D00ABD119 /* ViewControllers */,
				C25448782706ED21000B9439 /* Models */,
				C259AA1C27215B7A00B03921 /* Cells */,
				C2588FA92703439C0014CCDC /* Views */,
				533D8DD3270392C50006B0EE /* AppSource */,
			);
			path = TabBarTest;
			sourceTree = "<group>";
		};
		FCD7794770F4D7EACCF6B159 /* Frameworks */ = {
			isa = PBXGroup;
			children = (
				6FDB80F8D64C9AFF6D52A8B3 /* Pods_TabBarTest.framework */,
			);
			name = Frameworks;
			sourceTree = "<group>";
		};
/* End PBXGroup section */

/* Begin PBXNativeTarget section */
		C2CA35CF26FDCDAF00795EF6 /* TabBarTest */ = {
			isa = PBXNativeTarget;
			buildConfigurationList = C2CA35E426FDCDB100795EF6 /* Build configuration list for PBXNativeTarget "TabBarTest" */;
			buildPhases = (
				FF8CE8B3217C0A1C2BDD1CCB /* [CP] Check Pods Manifest.lock */,
				C2CA35CC26FDCDAF00795EF6 /* Sources */,
				C2CA35CD26FDCDAF00795EF6 /* Frameworks */,
				C2CA35CE26FDCDAF00795EF6 /* Resources */,
				B5A7F928A3A0879B8A0B1815 /* [CP] Copy Pods Resources */,
			);
			buildRules = (
			);
			dependencies = (
			);
			name = TabBarTest;
			packageProductDependencies = (
				5396A495270639570044D759 /* Alamofire */,
			);
			productName = TabBarTest;
			productReference = C2CA35D026FDCDAF00795EF6 /* TabBarTest.app */;
			productType = "com.apple.product-type.application";
		};
/* End PBXNativeTarget section */

/* Begin PBXProject section */
		C2CA35C826FDCDAF00795EF6 /* Project object */ = {
			isa = PBXProject;
			attributes = {
				LastSwiftUpdateCheck = 1250;
				LastUpgradeCheck = 1250;
				TargetAttributes = {
					C2CA35CF26FDCDAF00795EF6 = {
						CreatedOnToolsVersion = 12.5.1;
					};
				};
			};
			buildConfigurationList = C2CA35CB26FDCDAF00795EF6 /* Build configuration list for PBXProject "TabBarTest" */;
			compatibilityVersion = "Xcode 9.3";
			developmentRegion = en;
			hasScannedForEncodings = 0;
			knownRegions = (
				en,
				Base,
			);
			mainGroup = C2CA35C726FDCDAF00795EF6;
			packageReferences = (
				5396A494270639570044D759 /* XCRemoteSwiftPackageReference "Alamofire" */,
			);
			productRefGroup = C2CA35D126FDCDAF00795EF6 /* Products */;
			projectDirPath = "";
			projectRoot = "";
			targets = (
				C2CA35CF26FDCDAF00795EF6 /* TabBarTest */,
			);
		};
/* End PBXProject section */

/* Begin PBXResourcesBuildPhase section */
		C2CA35CE26FDCDAF00795EF6 /* Resources */ = {
			isa = PBXResourcesBuildPhase;
			buildActionMask = 2147483647;
			files = (
				C2CA35E026FDCDB100795EF6 /* LaunchScreen.storyboard in Resources */,
				C2CA35F426FE1DB700795EF6 /* MapStoryboard.storyboard in Resources */,
				C26BFE4F2768D7A800ABD119 /* IntrestingEventsController.storyboard in Resources */,
				53F3E2FC273FD830004B278E /* CityController.storyboard in Resources */,
				C2CA35DD26FDCDB100795EF6 /* Assets.xcassets in Resources */,
				C26BFE72276A260500ABD119 /* ExibitionsContoller.storyboard in Resources */,
				53F0D7A2275E98340087A9BB /* FavouritesController.storyboard in Resources */,
				534E20E62769193000442F29 /* WorldStoryboard.storyboard in Resources */,
				C2CA35DB26FDCDAF00795EF6 /* Main.storyboard in Resources */,
				C26BFE63276A1BD200ABD119 /* SelectedInterestingEventController.storyboard in Resources */,
				C2588F982702F5D40014CCDC /* CurrentCityStoryboard.storyboard in Resources */,
				C2A0C214276B46470023BF60 /* DescriptionCountryToBuyController.storyboard in Resources */,
				5345E2892718B2D400FCD554 /* SettingsStoryboard.storyboard in Resources */,
			);
			runOnlyForDeploymentPostprocessing = 0;
		};
/* End PBXResourcesBuildPhase section */

/* Begin PBXShellScriptBuildPhase section */
		B5A7F928A3A0879B8A0B1815 /* [CP] Copy Pods Resources */ = {
			isa = PBXShellScriptBuildPhase;
			buildActionMask = 2147483647;
			files = (
			);
			inputFileListPaths = (
				"${PODS_ROOT}/Target Support Files/Pods-TabBarTest/Pods-TabBarTest-resources-${CONFIGURATION}-input-files.xcfilelist",
			);
			name = "[CP] Copy Pods Resources";
			outputFileListPaths = (
				"${PODS_ROOT}/Target Support Files/Pods-TabBarTest/Pods-TabBarTest-resources-${CONFIGURATION}-output-files.xcfilelist",
			);
			runOnlyForDeploymentPostprocessing = 0;
			shellPath = /bin/sh;
			shellScript = "\"${PODS_ROOT}/Target Support Files/Pods-TabBarTest/Pods-TabBarTest-resources.sh\"\n";
			showEnvVarsInLog = 0;
		};
		FF8CE8B3217C0A1C2BDD1CCB /* [CP] Check Pods Manifest.lock */ = {
			isa = PBXShellScriptBuildPhase;
			buildActionMask = 2147483647;
			files = (
			);
			inputFileListPaths = (
			);
			inputPaths = (
				"${PODS_PODFILE_DIR_PATH}/Podfile.lock",
				"${PODS_ROOT}/Manifest.lock",
			);
			name = "[CP] Check Pods Manifest.lock";
			outputFileListPaths = (
			);
			outputPaths = (
				"$(DERIVED_FILE_DIR)/Pods-TabBarTest-checkManifestLockResult.txt",
			);
			runOnlyForDeploymentPostprocessing = 0;
			shellPath = /bin/sh;
			shellScript = "diff \"${PODS_PODFILE_DIR_PATH}/Podfile.lock\" \"${PODS_ROOT}/Manifest.lock\" > /dev/null\nif [ $? != 0 ] ; then\n    # print error to STDERR\n    echo \"error: The sandbox is not in sync with the Podfile.lock. Run 'pod install' or update your CocoaPods installation.\" >&2\n    exit 1\nfi\n# This output is used by Xcode 'outputs' to avoid re-running this script phase.\necho \"SUCCESS\" > \"${SCRIPT_OUTPUT_FILE_0}\"\n";
			showEnvVarsInLog = 0;
		};
/* End PBXShellScriptBuildPhase section */

/* Begin PBXSourcesBuildPhase section */
		C2CA35CC26FDCDAF00795EF6 /* Sources */ = {
			isa = PBXSourcesBuildPhase;
			buildActionMask = 2147483647;
			files = (
				53403D6F2763D07B004087F7 /* FavouritesTopCollectionViewCell.swift in Sources */,
				5345E28C2718B30000FCD554 /* SettingsController.swift in Sources */,
				C2A0C21A276B466C0023BF60 /* DescriptionCountryToBuyRouter.swift in Sources */,
				C26BFE6D276A1C1D00ABD119 /* SelectedInterestingEventPresenter.swift in Sources */,
				C2186D8A272C0B05001889AF /* FloatingViewFirstTableViewCell.swift in Sources */,
				53EF4D1E270E2A60008CB1B2 /* MapPresenter.swift in Sources */,
				C259AA20272180FB00B03921 /* GradientView.swift in Sources */,
				C2CA35E826FDCDD600795EF6 /* CustomTabBar.swift in Sources */,
				C26BFE69276A1C0D00ABD119 /* SelectedInterestingEventRouter.swift in Sources */,
				C2588FA7270325770014CCDC /* Constants.swift in Sources */,
				5323BA1A274D525800F6BA5E /* TicketsCellsCitiesCollectionViewCell.swift in Sources */,
				C2588FAB270364180014CCDC /* TopSearchView.swift in Sources */,
				C259AA1327214A4F00B03921 /* CurrentCityInteractor.swift in Sources */,
				5397795827443107006644D3 /* Extension+UIViewController.swift in Sources */,
				C26BFE602769E3F600ABD119 /* CountryToSelectTableViewCell.swift in Sources */,
				C26BFE592768D7E200ABD119 /* IntrestingEventsPresenter.swift in Sources */,
				C2CA35EA26FDF98E00795EF6 /* TabBarWithCorners.swift in Sources */,
				53F0D7A4275E98560087A9BB /* FavouritesController.swift in Sources */,
				C26BFE65276A1BF600ABD119 /* SelectedInterestingEventController.swift in Sources */,
				C259AA1B27215B7500B03921 /* CountryCitiesTableViewCell.swift in Sources */,
				53F0D7A8275E98870087A9BB /* FavouritesRouter.swift in Sources */,
				C2CA35F026FE0C9C00795EF6 /* CurrentCityController.swift in Sources */,
				C259AA1927214A6B00B03921 /* CurrentCityModels.swift in Sources */,
				53EF4D1C270E2A53008CB1B2 /* MapInteractor.swift in Sources */,
				C254488027070829000B9439 /* Extention+UIView.swift in Sources */,
				538AF835273424DC00D02ECA /* FloatingCollectionViewCell.swift in Sources */,
				53F0D7AA275E988E0087A9BB /* FavouritesWorker.swift in Sources */,
				C26BFE472768A02300ABD119 /* WorldModels.swift in Sources */,
				C2A0C223276B85FC0023BF60 /* InterestingEventsCollectionViewCell.swift in Sources */,
				C2A0C216276B46580023BF60 /* DescriptionCountryToBuyController.swift in Sources */,
				C254487C2706F52E000B9439 /* Extension+CLLocation.swift in Sources */,
				533D8DD8270394890006B0EE /* WeatherView.swift in Sources */,
				C2C985EF2745019400CCC2F7 /* CountryCellsCitiesCollectionViewCell.swift in Sources */,
				C26BFE7A276A262C00ABD119 /* ExibitionsWorker.swift in Sources */,
				C2CA35D426FDCDAF00795EF6 /* AppDelegate.swift in Sources */,
				C26BFE76276A261D00ABD119 /* ExibitionsInteractor.swift in Sources */,
				53EF4D22270E2A7B008CB1B2 /* MapModels.swift in Sources */,
				53D9BB1C272B39CE00CC14A8 /* ActionButtonsScrollView.swift in Sources */,
				C254487E27070753000B9439 /* FloatingView.swift in Sources */,
				C26BFE492768A02F00ABD119 /* WorldRouter.swift in Sources */,
				C26BFE67276A1C0600ABD119 /* SelectedInterestingEventInteractor.swift in Sources */,
				53F3E30227404119004B278E /* CurrentCityButtonView.swift in Sources */,
				C26BFE6F276A1C2400ABD119 /* SelectedInterestingEventModels.swift in Sources */,
				C26BFE5E2768DC6000ABD119 /* InterestingEventsTableViewCell.swift in Sources */,
				53403D6B275FF321004087F7 /* FavouritesTableViewCollectionViewCell.swift in Sources */,
				53EF4D20270E2A6E008CB1B2 /* MapWorker.swift in Sources */,
				C2A0C220276B46840023BF60 /* DescriptionCountryToBuyModels.swift in Sources */,
				C2CA35D626FDCDAF00795EF6 /* SceneDelegate.swift in Sources */,
				53403D712763E0FC004087F7 /* Extension+String.swift in Sources */,
				C2588FA1270307280014CCDC /* ScrollViewOnMap.swift in Sources */,
				C2588FA3270307980014CCDC /* Extension+UILabel.swift in Sources */,
				C26BFE412768A00200ABD119 /* WorldInteractor.swift in Sources */,
				C2588F9E2702F6960014CCDC /* WorldController.swift in Sources */,
				53403D68275FF1B5004087F7 /* FavouritesTableViewCell.swift in Sources */,
				53F0D7AE275E98990087A9BB /* FavouritesModels.swift in Sources */,
				C2A0C21C276B46730023BF60 /* DescriptionCountryToBuyWorker.swift in Sources */,
				C2A0C21E276B467C0023BF60 /* DescriptionCountryToBuyPresenter.swift in Sources */,
				C2A0C218276B46640023BF60 /* DescriptionCountryToBuyInteractor.swift in Sources */,
				5323BA12274CEB6100F6BA5E /* ButtonsCollectionViewCell.swift in Sources */,
				C26BFE6B276A1C1500ABD119 /* SelectedInterestingEventWorker.swift in Sources */,
				C26BFE74276A261200ABD119 /* ExibitionsController.swift in Sources */,
				5323BA14274D3BA500F6BA5E /* SightTableViewCell.swift in Sources */,
				5397795B27443866006644D3 /* CountryDescriptionTableViewCell.swift in Sources */,
				5397795D27443872006644D3 /* CountryPhotosTableViewCell.swift in Sources */,
				C26BFE572768D7D900ABD119 /* IntrestingEventsWorker.swift in Sources */,
				C26BFE512768D7BB00ABD119 /* IntrestingEventsController.swift in Sources */,
				C2588FA527030D6E0014CCDC /* FilterView.swift in Sources */,
				53F0D7AC275E98940087A9BB /* FavouritesPresenter.swift in Sources */,
				C26BFE552768D7D400ABD119 /* IntrestingEventsRouter.swift in Sources */,
				53F0D7A6275E987F0087A9BB /* FavouritesInteractor.swift in Sources */,
				53F3E2F4273FD7E3004B278E /* CityInteractor.swift in Sources */,
				C254487A2706ED32000B9439 /* ModelWeather.swift in Sources */,
				5397795627442BC4006644D3 /* AvailableCities.swift in Sources */,
				53F3E2F2273FD7D7004B278E /* CityController.swift in Sources */,
				C26BFE78276A262400ABD119 /* ExibitionsRouter.swift in Sources */,
				5323BA18274D509700F6BA5E /* TicketCollectionViewCell.swift in Sources */,
				C26BFE432768A00E00ABD119 /* WorldWorker.swift in Sources */,
				5323BA16274D3DBE00F6BA5E /* SightCollectionViewCell.swift in Sources */,
				C26BFE452768A01B00ABD119 /* WorldPresenter.swift in Sources */,
				53F3E2FE273FDD4D004B278E /* CurrentCityRouter.swift in Sources */,
				C2A6D2F2271D824300DD9DF4 /* MainFloatingView.swift in Sources */,
				C26BFE7C276A263500ABD119 /* ExibitionsPresenter.swift in Sources */,
				C259AA1127204DA600B03921 /* Extension+UserDefault.swift in Sources */,
				53403D6D2763C402004087F7 /* FavouritesTopView.swift in Sources */,
				C259AA1E2721710800B03921 /* Extension+UIImageView.swift in Sources */,
				5323BA1C274D82CC00F6BA5E /* WeatherCollectionViewCell.swift in Sources */,
				5396A4932706377C0044D759 /* InternetConnection.swift in Sources */,
				53F3E300273FED23004B278E /* CityRouter.swift in Sources */,
				C2C985EB2744FCC600CCC2F7 /* CountryCellsPhotosCollectionViewCell.swift in Sources */,
				C259AA1727214A6300B03921 /* CurrentCityWorker.swift in Sources */,
				53F3E2F8273FD7FB004B278E /* CityPresenter.swift in Sources */,
				C2350E07273AC39F000BA2A7 /* FloatingViewThirdTableViewCell.swift in Sources */,
				C259AA1527214A5B00B03921 /* CurrentCityPresenter.swift in Sources */,
				53F3E3042740469E004B278E /* MapRouter.swift in Sources */,
				C26BFE80276A2B4000ABD119 /* ExibitionsTableViewCell.swift in Sources */,
				538AF83027341AAB00D02ECA /* StackViewStars.swift in Sources */,
				538AF832273422C500D02ECA /* FloatingViewSecondTableViewCell.swift in Sources */,
				53F3E2FA273FD803004B278E /* CityModels.swift in Sources */,
				C26BFE5B2768D7EA00ABD119 /* IntrestingEventsModels.swift in Sources */,
				C26BFE532768D7CC00ABD119 /* IntrestingEventsInteractor.swift in Sources */,
				C26BFE7E276A263C00ABD119 /* ExibitionsModels.swift in Sources */,
				C2CA35F226FE1DA800795EF6 /* MapController.swift in Sources */,
				53F3E2F6273FD7F2004B278E /* CityWorker.swift in Sources */,
				53EF561F270F720E00CD3786 /* WeatherAPI.swift in Sources */,
			);
			runOnlyForDeploymentPostprocessing = 0;
		};
/* End PBXSourcesBuildPhase section */

/* Begin PBXVariantGroup section */
		C2CA35D926FDCDAF00795EF6 /* Main.storyboard */ = {
			isa = PBXVariantGroup;
			children = (
				C2CA35DA26FDCDAF00795EF6 /* Base */,
			);
			name = Main.storyboard;
			sourceTree = "<group>";
		};
		C2CA35DE26FDCDB100795EF6 /* LaunchScreen.storyboard */ = {
			isa = PBXVariantGroup;
			children = (
				C2CA35DF26FDCDB100795EF6 /* Base */,
			);
			name = LaunchScreen.storyboard;
			sourceTree = "<group>";
		};
/* End PBXVariantGroup section */

/* Begin XCBuildConfiguration section */
		C2CA35E226FDCDB100795EF6 /* Debug */ = {
			isa = XCBuildConfiguration;
			buildSettings = {
				ALWAYS_SEARCH_USER_PATHS = NO;
				CLANG_ANALYZER_NONNULL = YES;
				CLANG_ANALYZER_NUMBER_OBJECT_CONVERSION = YES_AGGRESSIVE;
				CLANG_CXX_LANGUAGE_STANDARD = "gnu++14";
				CLANG_CXX_LIBRARY = "libc++";
				CLANG_ENABLE_MODULES = YES;
				CLANG_ENABLE_OBJC_ARC = YES;
				CLANG_ENABLE_OBJC_WEAK = YES;
				CLANG_WARN_BLOCK_CAPTURE_AUTORELEASING = YES;
				CLANG_WARN_BOOL_CONVERSION = YES;
				CLANG_WARN_COMMA = YES;
				CLANG_WARN_CONSTANT_CONVERSION = YES;
				CLANG_WARN_DEPRECATED_OBJC_IMPLEMENTATIONS = YES;
				CLANG_WARN_DIRECT_OBJC_ISA_USAGE = YES_ERROR;
				CLANG_WARN_DOCUMENTATION_COMMENTS = YES;
				CLANG_WARN_EMPTY_BODY = YES;
				CLANG_WARN_ENUM_CONVERSION = YES;
				CLANG_WARN_INFINITE_RECURSION = YES;
				CLANG_WARN_INT_CONVERSION = YES;
				CLANG_WARN_NON_LITERAL_NULL_CONVERSION = YES;
				CLANG_WARN_OBJC_IMPLICIT_RETAIN_SELF = YES;
				CLANG_WARN_OBJC_LITERAL_CONVERSION = YES;
				CLANG_WARN_OBJC_ROOT_CLASS = YES_ERROR;
				CLANG_WARN_QUOTED_INCLUDE_IN_FRAMEWORK_HEADER = YES;
				CLANG_WARN_RANGE_LOOP_ANALYSIS = YES;
				CLANG_WARN_STRICT_PROTOTYPES = YES;
				CLANG_WARN_SUSPICIOUS_MOVE = YES;
				CLANG_WARN_UNGUARDED_AVAILABILITY = YES_AGGRESSIVE;
				CLANG_WARN_UNREACHABLE_CODE = YES;
				CLANG_WARN__DUPLICATE_METHOD_MATCH = YES;
				COPY_PHASE_STRIP = NO;
				DEBUG_INFORMATION_FORMAT = dwarf;
				ENABLE_STRICT_OBJC_MSGSEND = YES;
				ENABLE_TESTABILITY = YES;
				GCC_C_LANGUAGE_STANDARD = gnu11;
				GCC_DYNAMIC_NO_PIC = NO;
				GCC_NO_COMMON_BLOCKS = YES;
				GCC_OPTIMIZATION_LEVEL = 0;
				GCC_PREPROCESSOR_DEFINITIONS = (
					"DEBUG=1",
					"$(inherited)",
				);
				GCC_WARN_64_TO_32_BIT_CONVERSION = YES;
				GCC_WARN_ABOUT_RETURN_TYPE = YES_ERROR;
				GCC_WARN_UNDECLARED_SELECTOR = YES;
				GCC_WARN_UNINITIALIZED_AUTOS = YES_AGGRESSIVE;
				GCC_WARN_UNUSED_FUNCTION = YES;
				GCC_WARN_UNUSED_VARIABLE = YES;
				IPHONEOS_DEPLOYMENT_TARGET = 13.0;
				MTL_ENABLE_DEBUG_INFO = INCLUDE_SOURCE;
				MTL_FAST_MATH = YES;
				ONLY_ACTIVE_ARCH = YES;
				SDKROOT = iphoneos;
				SWIFT_ACTIVE_COMPILATION_CONDITIONS = DEBUG;
				SWIFT_OPTIMIZATION_LEVEL = "-Onone";
			};
			name = Debug;
		};
		C2CA35E326FDCDB100795EF6 /* Release */ = {
			isa = XCBuildConfiguration;
			buildSettings = {
				ALWAYS_SEARCH_USER_PATHS = NO;
				CLANG_ANALYZER_NONNULL = YES;
				CLANG_ANALYZER_NUMBER_OBJECT_CONVERSION = YES_AGGRESSIVE;
				CLANG_CXX_LANGUAGE_STANDARD = "gnu++14";
				CLANG_CXX_LIBRARY = "libc++";
				CLANG_ENABLE_MODULES = YES;
				CLANG_ENABLE_OBJC_ARC = YES;
				CLANG_ENABLE_OBJC_WEAK = YES;
				CLANG_WARN_BLOCK_CAPTURE_AUTORELEASING = YES;
				CLANG_WARN_BOOL_CONVERSION = YES;
				CLANG_WARN_COMMA = YES;
				CLANG_WARN_CONSTANT_CONVERSION = YES;
				CLANG_WARN_DEPRECATED_OBJC_IMPLEMENTATIONS = YES;
				CLANG_WARN_DIRECT_OBJC_ISA_USAGE = YES_ERROR;
				CLANG_WARN_DOCUMENTATION_COMMENTS = YES;
				CLANG_WARN_EMPTY_BODY = YES;
				CLANG_WARN_ENUM_CONVERSION = YES;
				CLANG_WARN_INFINITE_RECURSION = YES;
				CLANG_WARN_INT_CONVERSION = YES;
				CLANG_WARN_NON_LITERAL_NULL_CONVERSION = YES;
				CLANG_WARN_OBJC_IMPLICIT_RETAIN_SELF = YES;
				CLANG_WARN_OBJC_LITERAL_CONVERSION = YES;
				CLANG_WARN_OBJC_ROOT_CLASS = YES_ERROR;
				CLANG_WARN_QUOTED_INCLUDE_IN_FRAMEWORK_HEADER = YES;
				CLANG_WARN_RANGE_LOOP_ANALYSIS = YES;
				CLANG_WARN_STRICT_PROTOTYPES = YES;
				CLANG_WARN_SUSPICIOUS_MOVE = YES;
				CLANG_WARN_UNGUARDED_AVAILABILITY = YES_AGGRESSIVE;
				CLANG_WARN_UNREACHABLE_CODE = YES;
				CLANG_WARN__DUPLICATE_METHOD_MATCH = YES;
				COPY_PHASE_STRIP = NO;
				DEBUG_INFORMATION_FORMAT = "dwarf-with-dsym";
				ENABLE_NS_ASSERTIONS = NO;
				ENABLE_STRICT_OBJC_MSGSEND = YES;
				GCC_C_LANGUAGE_STANDARD = gnu11;
				GCC_NO_COMMON_BLOCKS = YES;
				GCC_WARN_64_TO_32_BIT_CONVERSION = YES;
				GCC_WARN_ABOUT_RETURN_TYPE = YES_ERROR;
				GCC_WARN_UNDECLARED_SELECTOR = YES;
				GCC_WARN_UNINITIALIZED_AUTOS = YES_AGGRESSIVE;
				GCC_WARN_UNUSED_FUNCTION = YES;
				GCC_WARN_UNUSED_VARIABLE = YES;
				IPHONEOS_DEPLOYMENT_TARGET = 13.0;
				MTL_ENABLE_DEBUG_INFO = NO;
				MTL_FAST_MATH = YES;
				SDKROOT = iphoneos;
				SWIFT_COMPILATION_MODE = wholemodule;
				SWIFT_OPTIMIZATION_LEVEL = "-O";
				VALIDATE_PRODUCT = YES;
			};
			name = Release;
		};
		C2CA35E526FDCDB100795EF6 /* Debug */ = {
			isa = XCBuildConfiguration;
			baseConfigurationReference = F5A258287D90199161C7769D /* Pods-TabBarTest.debug.xcconfig */;
			buildSettings = {
				ASSETCATALOG_COMPILER_APPICON_NAME = AppIcon;
				ASSETCATALOG_COMPILER_GLOBAL_ACCENT_COLOR_NAME = AccentColor;
				CODE_SIGN_STYLE = Automatic;
				DEVELOPMENT_TEAM = 8C44H3653W;
				INFOPLIST_FILE = TabBarTest/AppSource/Info.plist;
				IPHONEOS_DEPLOYMENT_TARGET = 13.0;
				LD_RUNPATH_SEARCH_PATHS = (
					"$(inherited)",
					"@executable_path/Frameworks",
				);
				PRODUCT_BUNDLE_IDENTIFIER = qwe.TabBarTesta;
				PRODUCT_NAME = "$(TARGET_NAME)";
				SWIFT_VERSION = 5.0;
				TARGETED_DEVICE_FAMILY = "1,2";
			};
			name = Debug;
		};
		C2CA35E626FDCDB100795EF6 /* Release */ = {
			isa = XCBuildConfiguration;
			baseConfigurationReference = 500C05E5E5A28B5089ECD296 /* Pods-TabBarTest.release.xcconfig */;
			buildSettings = {
				ASSETCATALOG_COMPILER_APPICON_NAME = AppIcon;
				ASSETCATALOG_COMPILER_GLOBAL_ACCENT_COLOR_NAME = AccentColor;
				CODE_SIGN_STYLE = Automatic;
				DEVELOPMENT_TEAM = 8C44H3653W;
				INFOPLIST_FILE = TabBarTest/AppSource/Info.plist;
				IPHONEOS_DEPLOYMENT_TARGET = 13.0;
				LD_RUNPATH_SEARCH_PATHS = (
					"$(inherited)",
					"@executable_path/Frameworks",
				);
				PRODUCT_BUNDLE_IDENTIFIER = qwe.TabBarTesta;
				PRODUCT_NAME = "$(TARGET_NAME)";
				SWIFT_VERSION = 5.0;
				TARGETED_DEVICE_FAMILY = "1,2";
			};
			name = Release;
		};
/* End XCBuildConfiguration section */

/* Begin XCConfigurationList section */
		C2CA35CB26FDCDAF00795EF6 /* Build configuration list for PBXProject "TabBarTest" */ = {
			isa = XCConfigurationList;
			buildConfigurations = (
				C2CA35E226FDCDB100795EF6 /* Debug */,
				C2CA35E326FDCDB100795EF6 /* Release */,
			);
			defaultConfigurationIsVisible = 0;
			defaultConfigurationName = Release;
		};
		C2CA35E426FDCDB100795EF6 /* Build configuration list for PBXNativeTarget "TabBarTest" */ = {
			isa = XCConfigurationList;
			buildConfigurations = (
				C2CA35E526FDCDB100795EF6 /* Debug */,
				C2CA35E626FDCDB100795EF6 /* Release */,
			);
			defaultConfigurationIsVisible = 0;
			defaultConfigurationName = Release;
		};
/* End XCConfigurationList section */

/* Begin XCRemoteSwiftPackageReference section */
		5396A494270639570044D759 /* XCRemoteSwiftPackageReference "Alamofire" */ = {
			isa = XCRemoteSwiftPackageReference;
			repositoryURL = "https://github.com/Alamofire/Alamofire.git";
			requirement = {
				kind = upToNextMajorVersion;
				minimumVersion = 5.4.0;
			};
		};
/* End XCRemoteSwiftPackageReference section */

/* Begin XCSwiftPackageProductDependency section */
		5396A495270639570044D759 /* Alamofire */ = {
			isa = XCSwiftPackageProductDependency;
			package = 5396A494270639570044D759 /* XCRemoteSwiftPackageReference "Alamofire" */;
			productName = Alamofire;
		};
/* End XCSwiftPackageProductDependency section */
	};
	rootObject = C2CA35C826FDCDAF00795EF6 /* Project object */;
}
